
Microsoft Visual Studio Solution File, Format Version 12.00
# Visual Studio Version 17
VisualStudioVersion = 17.3.32804.467
MinimumVisualStudioVersion = 10.0.40219.1
Project("{FAE04EC0-301F-11D3-BF4B-00C04F79EFBC}") = "CrudFinal", "CrudFinal\CrudFinal.csproj", "{0DD344FB-C769-48C3-9D8F-7D7E0FA6156A}"
EndProject
Global
	GlobalSection(SolutionConfigurationPlatforms) = preSolution
		Debug|Any CPU = Debug|Any CPU
		Release|Any CPU = Release|Any CPU
	EndGlobalSection
	GlobalSection(ProjectConfigurationPlatforms) = postSolution
		{0DD344FB-C769-48C3-9D8F-7D7E0FA6156A}.Debug|Any CPU.ActiveCfg = Debug|Any CPU
		{0DD344FB-C769-48C3-9D8F-7D7E0FA6156A}.Debug|Any CPU.Build.0 = Debug|Any CPU
		{0DD344FB-C769-48C3-9D8F-7D7E0FA6156A}.Release|Any CPU.ActiveCfg = Release|Any CPU
		{0DD344FB-C769-48C3-9D8F-7D7E0FA6156A}.Release|Any CPU.Build.0 = Release|Any CPU
	EndGlobalSection
	GlobalSection(SolutionProperties) = preSolution
		HideSolutionNode = FALSE
	EndGlobalSection
	GlobalSection(ExtensibilityGlobals) = postSolution
		SolutionGuid = {107272CC-C270-455B-903E-CAF379F7BE1F}
	EndGlobalSection
EndGlobal
